{
  "name": "angularjs_dashboard",
  "lockfileVersion": 2,
  "requires": true,
  "packages": {
    "": {
      "dependencies": {
        "angular": "^1.8.2",
        "angular-route": "^1.8.3",
        "angular-touch": "^1.8.3",
        "angular-ui-mask": "^1.8.7",
        "animate.css": "^4.1.1",
        "bootstrap": "^3.3.5",
        "bootstrap-icons": "^1.10.5",
        "jquery": "^3.7.0",
        "sweetalert2": "^11.7.10"
      }
    },
    "node_modules/angular": {
      "version": "1.8.3",
      "resolved": "https://registry.npmjs.org/angular/-/angular-1.8.3.tgz",
      "integrity": "sha512-5qjkWIQQVsHj4Sb5TcEs4WZWpFeVFHXwxEBHUhrny41D8UrBAd6T/6nPPAsLngJCReIOqi95W3mxdveveutpZw==",
      "deprecated": "For the actively supported Angular, see https://www.npmjs.com/package/@angular/core. AngularJS support has officially ended. For extended AngularJS support options, see https://goo.gle/angularjs-path-forward."
    },
    "node_modules/angular-route": {
      "version": "1.8.3",
      "resolved": "https://registry.npmjs.org/angular-route/-/angular-route-1.8.3.tgz",
      "integrity": "sha512-kpIcRmDR2+o1FxDVVYy8Rvfab86/7LDbOgTRb9T+X9ewPQiBRuDEnZtM3oJYBiQLvAXDYTJXHV48n/bGE9Mv2g==",
      "deprecated": "For the actively supported Angular, see https://www.npmjs.com/package/@angular/core. AngularJS support has officially ended. For extended AngularJS support options, see https://goo.gle/angularjs-path-forward."
    },
    "node_modules/angular-touch": {
      "version": "1.8.3",
      "resolved": "https://registry.npmjs.org/angular-touch/-/angular-touch-1.8.3.tgz",
      "integrity": "sha512-QFLhJl5K7AsMBgK87Mxx/XtBYiFl2lBnjgGNCjGyAh5gM8eHsBWgaOxZsovP6qZSljG4wIA9dA9NPkXXtbo/WQ==",
      "deprecated": "For the actively supported Angular, see https://www.npmjs.com/package/@angular/core. AngularJS support has officially ended. For extended AngularJS support options, see https://goo.gle/angularjs-path-forward."
    },
    "node_modules/angular-ui-mask": {
      "version": "1.8.7",
      "resolved": "https://registry.npmjs.org/angular-ui-mask/-/angular-ui-mask-1.8.7.tgz",
      "integrity": "sha512-bzmiS3lsmoGw/w2yfVJMxwmjWbV05uL9FKXb7uHjKlSBuyQ3yi1zqaKW8h5KARjUji1/BqOpCZxjAHV9fKHlFg=="
    },
    "node_modules/animate.css": {
      "version": "4.1.1",
      "resolved": "https://registry.npmjs.org/animate.css/-/animate.css-4.1.1.tgz",
      "integrity": "sha512-+mRmCTv6SbCmtYJCN4faJMNFVNN5EuCTTprDTAo7YzIGji2KADmakjVA3+8mVDkZ2Bf09vayB35lSQIex2+QaQ=="
    },
    "node_modules/bootstrap": {
      "version": "3.4.1",
      "resolved": "https://registry.npmjs.org/bootstrap/-/bootstrap-3.4.1.tgz",
      "integrity": "sha512-yN5oZVmRCwe5aKwzRj6736nSmKDX7pLYwsXiCj/EYmo16hODaBiT4En5btW/jhBF/seV+XMx3aYwukYC3A49DA==",
      "engines": {
        "node": ">=6"
      }
    },
    "node_modules/bootstrap-icons": {
      "version": "1.10.5",
      "resolved": "https://registry.npmjs.org/bootstrap-icons/-/bootstrap-icons-1.10.5.tgz",
      "integrity": "sha512-oSX26F37V7QV7NCE53PPEL45d7EGXmBgHG3pDpZvcRaKVzWMqIRL9wcqJUyEha1esFtM3NJzvmxFXDxjJYD0jQ==",
      "funding": [
        {
          "type": "github",
          "url": "https://github.com/sponsors/twbs"
        },
        {
          "type": "opencollective",
          "url": "https://opencollective.com/bootstrap"
        }
      ]
    },
    "node_modules/jquery": {
      "version": "3.7.0",
      "resolved": "https://registry.npmjs.org/jquery/-/jquery-3.7.0.tgz",
      "integrity": "sha512-umpJ0/k8X0MvD1ds0P9SfowREz2LenHsQaxSohMZ5OMNEU2r0tf8pdeEFTHMFxWVxKNyU9rTtK3CWzUCTKJUeQ=="
    },
    "node_modules/sweetalert2": {
      "version": "11.7.10",
      "resolved": "https://registry.npmjs.org/sweetalert2/-/sweetalert2-11.7.10.tgz",
      "integrity": "sha512-SgnO8VF7omM78doFxIAiEyhNBEudVTpYpYXJB9/yftvKD+UlWRaAkLMGD4kvAsgiwwph4SUFlNjiAbB5cUS8/g==",
      "funding": {
        "type": "individual",
        "url": "https://github.com/sponsors/limonte"
      }
    }
  },
  "dependencies": {
    "angular": {
      "version": "1.8.3",
      "resolved": "https://registry.npmjs.org/angular/-/angular-1.8.3.tgz",
      "integrity": "sha512-5qjkWIQQVsHj4Sb5TcEs4WZWpFeVFHXwxEBHUhrny41D8UrBAd6T/6nPPAsLngJCReIOqi95W3mxdveveutpZw=="
    },
    "angular-route": {
      "version": "1.8.3",
      "resolved": "https://registry.npmjs.org/angular-route/-/angular-route-1.8.3.tgz",
      "integrity": "sha512-kpIcRmDR2+o1FxDVVYy8Rvfab86/7LDbOgTRb9T+X9ewPQiBRuDEnZtM3oJYBiQLvAXDYTJXHV48n/bGE9Mv2g=="
    },
    "angular-touch": {
      "version": "1.8.3",
      "resolved": "https://registry.npmjs.org/angular-touch/-/angular-touch-1.8.3.tgz",
      "integrity": "sha512-QFLhJl5K7AsMBgK87Mxx/XtBYiFl2lBnjgGNCjGyAh5gM8eHsBWgaOxZsovP6qZSljG4wIA9dA9NPkXXtbo/WQ=="
    },
    "angular-ui-mask": {
      "version": "1.8.7",
      "resolved": "https://registry.npmjs.org/angular-ui-mask/-/angular-ui-mask-1.8.7.tgz",
      "integrity": "sha512-bzmiS3lsmoGw/w2yfVJMxwmjWbV05uL9FKXb7uHjKlSBuyQ3yi1zqaKW8h5KARjUji1/BqOpCZxjAHV9fKHlFg=="
    },
    "animate.css": {
      "version": "4.1.1",
      "resolved": "https://registry.npmjs.org/animate.css/-/animate.css-4.1.1.tgz",
      "integrity": "sha512-+mRmCTv6SbCmtYJCN4faJMNFVNN5EuCTTprDTAo7YzIGji2KADmakjVA3+8mVDkZ2Bf09vayB35lSQIex2+QaQ=="
    },
    "bootstrap": {
      "version": "3.4.1",
      "resolved": "https://registry.npmjs.org/bootstrap/-/bootstrap-3.4.1.tgz",
      "integrity": "sha512-yN5oZVmRCwe5aKwzRj6736nSmKDX7pLYwsXiCj/EYmo16hODaBiT4En5btW/jhBF/seV+XMx3aYwukYC3A49DA=="
    },
    "bootstrap-icons": {
      "version": "1.10.5",
      "resolved": "https://registry.npmjs.org/bootstrap-icons/-/bootstrap-icons-1.10.5.tgz",
      "integrity": "sha512-oSX26F37V7QV7NCE53PPEL45d7EGXmBgHG3pDpZvcRaKVzWMqIRL9wcqJUyEha1esFtM3NJzvmxFXDxjJYD0jQ=="
    },
    "jquery": {
      "version": "3.7.0",
      "resolved": "https://registry.npmjs.org/jquery/-/jquery-3.7.0.tgz",
      "integrity": "sha512-umpJ0/k8X0MvD1ds0P9SfowREz2LenHsQaxSohMZ5OMNEU2r0tf8pdeEFTHMFxWVxKNyU9rTtK3CWzUCTKJUeQ=="
    },
    "sweetalert2": {
      "version": "11.7.10",
      "resolved": "https://registry.npmjs.org/sweetalert2/-/sweetalert2-11.7.10.tgz",
      "integrity": "sha512-SgnO8VF7omM78doFxIAiEyhNBEudVTpYpYXJB9/yftvKD+UlWRaAkLMGD4kvAsgiwwph4SUFlNjiAbB5cUS8/g=="
    }
  }
}
